# This file is automatically @generated by Cargo.
# It is not intended for manual editing.
version = 4

[[package]]
name = "hashe"
version = "0.1.0"
dependencies = [
 "md5",
]

[[package]]
name = "md5"
version = "0.1.1"
source = "registry+https://github.com/rust-lang/crates.io-index"
checksum = "a5539a8dee9b4ae308c9c406a379838b435a8f2c84cf9fedc6d5a576be9888db"
